// !$*UTF8*$!
{
	archiveVersion = 1;
	classes = {
	};
	objectVersion = 56;
	objects = {

/* Begin PBXBuildFile section */
		7EB13E682B4DCB0000572BBF /* main.cpp in Sources */ = {isa = PBXBuildFile; fileRef = 7EB13E672B4DCB0000572BBF /* main.cpp */; };
		7EB13E702B4DD03600572BBF /* Card.cpp in Sources */ = {isa = PBXBuildFile; fileRef = 7EB13E6E2B4DD03600572BBF /* Card.cpp */; };
		7EB13E732B4DD08100572BBF /* Deck.cpp in Sources */ = {isa = PBXBuildFile; fileRef = 7EB13E712B4DD08100572BBF /* Deck.cpp */; };
		7EB13E762B4DD0D400572BBF /* Player.cpp in Sources */ = {isa = PBXBuildFile; fileRef = 7EB13E742B4DD0D400572BBF /* Player.cpp */; };
		7EB13E792B4DD13200572BBF /* AIPlayer.cpp in Sources */ = {isa = PBXBuildFile; fileRef = 7EB13E772B4DD13200572BBF /* AIPlayer.cpp */; };
		7EB13E7C2B4DD15900572BBF /* AIDealer.cpp in Sources */ = {isa = PBXBuildFile; fileRef = 7EB13E7A2B4DD15900572BBF /* AIDealer.cpp */; };
		7EB13E7F2B4DD17E00572BBF /* Game.cpp in Sources */ = {isa = PBXBuildFile; fileRef = 7EB13E7D2B4DD17E00572BBF /* Game.cpp */; };
		7EB13E822B4DD52900572BBF /* Simulation.cpp in Sources */ = {isa = PBXBuildFile; fileRef = 7EB13E802B4DD52900572BBF /* Simulation.cpp */; };
/* End PBXBuildFile section */

/* Begin PBXCopyFilesBuildPhase section */
		7EB13E622B4DCAFF00572BBF /* CopyFiles */ = {
			isa = PBXCopyFilesBuildPhase;
			buildActionMask = 2147483647;
			dstPath = /usr/share/man/man1/;
			dstSubfolderSpec = 0;
			files = (
			);
			runOnlyForDeploymentPostprocessing = 1;
		};
/* End PBXCopyFilesBuildPhase section */

/* Begin PBXFileReference section */
		7EB13E642B4DCB0000572BBF /* AiBlackjack */ = {isa = PBXFileReference; explicitFileType = "compiled.mach-o.executable"; includeInIndex = 0; path = AiBlackjack; sourceTree = BUILT_PRODUCTS_DIR; };
		7EB13E672B4DCB0000572BBF /* main.cpp */ = {isa = PBXFileReference; lastKnownFileType = sourcecode.cpp.cpp; path = main.cpp; sourceTree = "<group>"; };
		7EB13E6E2B4DD03600572BBF /* Card.cpp */ = {isa = PBXFileReference; lastKnownFileType = sourcecode.cpp.cpp; path = Card.cpp; sourceTree = "<group>"; };
		7EB13E6F2B4DD03600572BBF /* Card.hpp */ = {isa = PBXFileReference; lastKnownFileType = sourcecode.cpp.h; path = Card.hpp; sourceTree = "<group>"; };
		7EB13E712B4DD08100572BBF /* Deck.cpp */ = {isa = PBXFileReference; lastKnownFileType = sourcecode.cpp.cpp; path = Deck.cpp; sourceTree = "<group>"; };
		7EB13E722B4DD08100572BBF /* Deck.hpp */ = {isa = PBXFileReference; lastKnownFileType = sourcecode.cpp.h; path = Deck.hpp; sourceTree = "<group>"; };
		7EB13E742B4DD0D400572BBF /* Player.cpp */ = {isa = PBXFileReference; lastKnownFileType = sourcecode.cpp.cpp; path = Player.cpp; sourceTree = "<group>"; };
		7EB13E752B4DD0D400572BBF /* Player.hpp */ = {isa = PBXFileReference; lastKnownFileType = sourcecode.cpp.h; path = Player.hpp; sourceTree = "<group>"; };
		7EB13E772B4DD13200572BBF /* AIPlayer.cpp */ = {isa = PBXFileReference; lastKnownFileType = sourcecode.cpp.cpp; path = AIPlayer.cpp; sourceTree = "<group>"; };
		7EB13E782B4DD13200572BBF /* AIPlayer.hpp */ = {isa = PBXFileReference; lastKnownFileType = sourcecode.cpp.h; path = AIPlayer.hpp; sourceTree = "<group>"; };
		7EB13E7A2B4DD15900572BBF /* AIDealer.cpp */ = {isa = PBXFileReference; lastKnownFileType = sourcecode.cpp.cpp; path = AIDealer.cpp; sourceTree = "<group>"; };
		7EB13E7B2B4DD15900572BBF /* AIDealer.hpp */ = {isa = PBXFileReference; lastKnownFileType = sourcecode.cpp.h; path = AIDealer.hpp; sourceTree = "<group>"; };
		7EB13E7D2B4DD17E00572BBF /* Game.cpp */ = {isa = PBXFileReference; lastKnownFileType = sourcecode.cpp.cpp; path = Game.cpp; sourceTree = "<group>"; };
		7EB13E7E2B4DD17E00572BBF /* Game.hpp */ = {isa = PBXFileReference; lastKnownFileType = sourcecode.cpp.h; path = Game.hpp; sourceTree = "<group>"; };
		7EB13E802B4DD52900572BBF /* Simulation.cpp */ = {isa = PBXFileReference; lastKnownFileType = sourcecode.cpp.cpp; path = Simulation.cpp; sourceTree = "<group>"; };
		7EB13E812B4DD52900572BBF /* Simulation.hpp */ = {isa = PBXFileReference; lastKnownFileType = sourcecode.cpp.h; path = Simulation.hpp; sourceTree = "<group>"; };
/* End PBXFileReference section */

/* Begin PBXFrameworksBuildPhase section */
		7EB13E612B4DCAFF00572BBF /* Frameworks */ = {
			isa = PBXFrameworksBuildPhase;
			buildActionMask = 2147483647;
			files = (
			);
			runOnlyForDeploymentPostprocessing = 0;
		};
/* End PBXFrameworksBuildPhase section */

/* Begin PBXGroup section */
		7EB13E5B2B4DCAFF00572BBF = {
			isa = PBXGroup;
			children = (
				7EB13E662B4DCB0000572BBF /* AiBlackjack */,
				7EB13E652B4DCB0000572BBF /* Products */,
			);
			sourceTree = "<group>";
		};
		7EB13E652B4DCB0000572BBF /* Products */ = {
			isa = PBXGroup;
			children = (
				7EB13E642B4DCB0000572BBF /* AiBlackjack */,
			);
			name = Products;
			sourceTree = "<group>";
		};
		7EB13E662B4DCB0000572BBF /* AiBlackjack */ = {
			isa = PBXGroup;
			children = (
				7EB13E672B4DCB0000572BBF /* main.cpp */,
				7EB13E6E2B4DD03600572BBF /* Card.cpp */,
				7EB13E6F2B4DD03600572BBF /* Card.hpp */,
				7EB13E712B4DD08100572BBF /* Deck.cpp */,
				7EB13E722B4DD08100572BBF /* Deck.hpp */,
				7EB13E742B4DD0D400572BBF /* Player.cpp */,
				7EB13E752B4DD0D400572BBF /* Player.hpp */,
				7EB13E772B4DD13200572BBF /* AIPlayer.cpp */,
				7EB13E782B4DD13200572BBF /* AIPlayer.hpp */,
				7EB13E7A2B4DD15900572BBF /* AIDealer.cpp */,
				7EB13E7B2B4DD15900572BBF /* AIDealer.hpp */,
				7EB13E7D2B4DD17E00572BBF /* Game.cpp */,
				7EB13E7E2B4DD17E00572BBF /* Game.hpp */,
				7EB13E802B4DD52900572BBF /* Simulation.cpp */,
				7EB13E812B4DD52900572BBF /* Simulation.hpp */,
			);
			path = AiBlackjack;
			sourceTree = "<group>";
		};
/* End PBXGroup section */

/* Begin PBXNativeTarget section */
		7EB13E632B4DCAFF00572BBF /* AiBlackjack */ = {
			isa = PBXNativeTarget;
			buildConfigurationList = 7EB13E6B2B4DCB0000572BBF /* Build configuration list for PBXNativeTarget "AiBlackjack" */;
			buildPhases = (
				7EB13E602B4DCAFF00572BBF /* Sources */,
				7EB13E612B4DCAFF00572BBF /* Frameworks */,
				7EB13E622B4DCAFF00572BBF /* CopyFiles */,
			);
			buildRules = (
			);
			dependencies = (
			);
			name = AiBlackjack;
			productName = AiBlackjack;
			productReference = 7EB13E642B4DCB0000572BBF /* AiBlackjack */;
			productType = "com.apple.product-type.tool";
		};
/* End PBXNativeTarget section */

/* Begin PBXProject section */
		7EB13E5C2B4DCAFF00572BBF /* Project object */ = {
			isa = PBXProject;
			attributes = {
				BuildIndependentTargetsInParallel = 1;
				LastUpgradeCheck = 1430;
				TargetAttributes = {
					7EB13E632B4DCAFF00572BBF = {
						CreatedOnToolsVersion = 14.3.1;
					};
				};
			};
			buildConfigurationList = 7EB13E5F2B4DCAFF00572BBF /* Build configuration list for PBXProject "AiBlackjack" */;
			compatibilityVersion = "Xcode 14.0";
			developmentRegion = en;
			hasScannedForEncodings = 0;
			knownRegions = (
				en,
				Base,
			);
			mainGroup = 7EB13E5B2B4DCAFF00572BBF;
			productRefGroup = 7EB13E652B4DCB0000572BBF /* Products */;
			projectDirPath = "";
			projectRoot = "";
			targets = (
				7EB13E632B4DCAFF00572BBF /* AiBlackjack */,
			);
		};
/* End PBXProject section */

/* Begin PBXSourcesBuildPhase section */
		7EB13E602B4DCAFF00572BBF /* Sources */ = {
			isa = PBXSourcesBuildPhase;
			buildActionMask = 2147483647;
			files = (
				7EB13E7C2B4DD15900572BBF /* AIDealer.cpp in Sources */,
				7EB13E762B4DD0D400572BBF /* Player.cpp in Sources */,
				7EB13E732B4DD08100572BBF /* Deck.cpp in Sources */,
				7EB13E792B4DD13200572BBF /* AIPlayer.cpp in Sources */,
				7EB13E822B4DD52900572BBF /* Simulation.cpp in Sources */,
				7EB13E682B4DCB0000572BBF /* main.cpp in Sources */,
				7EB13E702B4DD03600572BBF /* Card.cpp in Sources */,
				7EB13E7F2B4DD17E00572BBF /* Game.cpp in Sources */,
			);
			runOnlyForDeploymentPostprocessing = 0;
		};
/* End PBXSourcesBuildPhase section */

/* Begin XCBuildConfiguration section */
		7EB13E692B4DCB0000572BBF /* Debug */ = {
			isa = XCBuildConfiguration;
			buildSettings = {
				ALWAYS_SEARCH_USER_PATHS = NO;
				CLANG_ANALYZER_NONNULL = YES;
				CLANG_ANALYZER_NUMBER_OBJECT_CONVERSION = YES_AGGRESSIVE;
				CLANG_CXX_LANGUAGE_STANDARD = "gnu++20";
				CLANG_ENABLE_MODULES = YES;
				CLANG_ENABLE_OBJC_ARC = YES;
				CLANG_ENABLE_OBJC_WEAK = YES;
				CLANG_WARN_BLOCK_CAPTURE_AUTORELEASING = YES;
				CLANG_WARN_BOOL_CONVERSION = YES;
				CLANG_WARN_COMMA = YES;
				CLANG_WARN_CONSTANT_CONVERSION = YES;
				CLANG_WARN_DEPRECATED_OBJC_IMPLEMENTATIONS = YES;
				CLANG_WARN_DIRECT_OBJC_ISA_USAGE = YES_ERROR;
				CLANG_WARN_DOCUMENTATION_COMMENTS = YES;
				CLANG_WARN_EMPTY_BODY = YES;
				CLANG_WARN_ENUM_CONVERSION = YES;
				CLANG_WARN_INFINITE_RECURSION = YES;
				CLANG_WARN_INT_CONVERSION = YES;
				CLANG_WARN_NON_LITERAL_NULL_CONVERSION = YES;
				CLANG_WARN_OBJC_IMPLICIT_RETAIN_SELF = YES;
				CLANG_WARN_OBJC_LITERAL_CONVERSION = YES;
				CLANG_WARN_OBJC_ROOT_CLASS = YES_ERROR;
				CLANG_WARN_QUOTED_INCLUDE_IN_FRAMEWORK_HEADER = YES;
				CLANG_WARN_RANGE_LOOP_ANALYSIS = YES;
				CLANG_WARN_STRICT_PROTOTYPES = YES;
				CLANG_WARN_SUSPICIOUS_MOVE = YES;
				CLANG_WARN_UNGUARDED_AVAILABILITY = YES_AGGRESSIVE;
				CLANG_WARN_UNREACHABLE_CODE = YES;
				CLANG_WARN__DUPLICATE_METHOD_MATCH = YES;
				COPY_PHASE_STRIP = NO;
				DEBUG_INFORMATION_FORMAT = dwarf;
				ENABLE_STRICT_OBJC_MSGSEND = YES;
				ENABLE_TESTABILITY = YES;
				GCC_C_LANGUAGE_STANDARD = gnu11;
				GCC_DYNAMIC_NO_PIC = NO;
				GCC_NO_COMMON_BLOCKS = YES;
				GCC_OPTIMIZATION_LEVEL = 0;
				GCC_PREPROCESSOR_DEFINITIONS = (
					"DEBUG=1",
					"$(inherited)",
				);
				GCC_WARN_64_TO_32_BIT_CONVERSION = YES;
				GCC_WARN_ABOUT_RETURN_TYPE = YES_ERROR;
				GCC_WARN_UNDECLARED_SELECTOR = YES;
				GCC_WARN_UNINITIALIZED_AUTOS = YES_AGGRESSIVE;
				GCC_WARN_UNUSED_FUNCTION = YES;
				GCC_WARN_UNUSED_VARIABLE = YES;
				MACOSX_DEPLOYMENT_TARGET = 13.3;
				MTL_ENABLE_DEBUG_INFO = INCLUDE_SOURCE;
				MTL_FAST_MATH = YES;
				ONLY_ACTIVE_ARCH = YES;
				SDKROOT = macosx;
			};
			name = Debug;
		};
		7EB13E6A2B4DCB0000572BBF /* Release */ = {
			isa = XCBuildConfiguration;
			buildSettings = {
				ALWAYS_SEARCH_USER_PATHS = NO;
				CLANG_ANALYZER_NONNULL = YES;
				CLANG_ANALYZER_NUMBER_OBJECT_CONVERSION = YES_AGGRESSIVE;
				CLANG_CXX_LANGUAGE_STANDARD = "gnu++20";
				CLANG_ENABLE_MODULES = YES;
				CLANG_ENABLE_OBJC_ARC = YES;
				CLANG_ENABLE_OBJC_WEAK = YES;
				CLANG_WARN_BLOCK_CAPTURE_AUTORELEASING = YES;
				CLANG_WARN_BOOL_CONVERSION = YES;
				CLANG_WARN_COMMA = YES;
				CLANG_WARN_CONSTANT_CONVERSION = YES;
				CLANG_WARN_DEPRECATED_OBJC_IMPLEMENTATIONS = YES;
				CLANG_WARN_DIRECT_OBJC_ISA_USAGE = YES_ERROR;
				CLANG_WARN_DOCUMENTATION_COMMENTS = YES;
				CLANG_WARN_EMPTY_BODY = YES;
				CLANG_WARN_ENUM_CONVERSION = YES;
				CLANG_WARN_INFINITE_RECURSION = YES;
				CLANG_WARN_INT_CONVERSION = YES;
				CLANG_WARN_NON_LITERAL_NULL_CONVERSION = YES;
				CLANG_WARN_OBJC_IMPLICIT_RETAIN_SELF = YES;
				CLANG_WARN_OBJC_LITERAL_CONVERSION = YES;
				CLANG_WARN_OBJC_ROOT_CLASS = YES_ERROR;
				CLANG_WARN_QUOTED_INCLUDE_IN_FRAMEWORK_HEADER = YES;
				CLANG_WARN_RANGE_LOOP_ANALYSIS = YES;
				CLANG_WARN_STRICT_PROTOTYPES = YES;
				CLANG_WARN_SUSPICIOUS_MOVE = YES;
				CLANG_WARN_UNGUARDED_AVAILABILITY = YES_AGGRESSIVE;
				CLANG_WARN_UNREACHABLE_CODE = YES;
				CLANG_WARN__DUPLICATE_METHOD_MATCH = YES;
				COPY_PHASE_STRIP = NO;
				DEBUG_INFORMATION_FORMAT = "dwarf-with-dsym";
				ENABLE_NS_ASSERTIONS = NO;
				ENABLE_STRICT_OBJC_MSGSEND = YES;
				GCC_C_LANGUAGE_STANDARD = gnu11;
				GCC_NO_COMMON_BLOCKS = YES;
				GCC_WARN_64_TO_32_BIT_CONVERSION = YES;
				GCC_WARN_ABOUT_RETURN_TYPE = YES_ERROR;
				GCC_WARN_UNDECLARED_SELECTOR = YES;
				GCC_WARN_UNINITIALIZED_AUTOS = YES_AGGRESSIVE;
				GCC_WARN_UNUSED_FUNCTION = YES;
				GCC_WARN_UNUSED_VARIABLE = YES;
				MACOSX_DEPLOYMENT_TARGET = 13.3;
				MTL_ENABLE_DEBUG_INFO = NO;
				MTL_FAST_MATH = YES;
				SDKROOT = macosx;
			};
			name = Release;
		};
		7EB13E6C2B4DCB0000572BBF /* Debug */ = {
			isa = XCBuildConfiguration;
			buildSettings = {
				CODE_SIGN_STYLE = Automatic;
				PRODUCT_NAME = "$(TARGET_NAME)";
			};
			name = Debug;
		};
		7EB13E6D2B4DCB0000572BBF /* Release */ = {
			isa = XCBuildConfiguration;
			buildSettings = {
				CODE_SIGN_STYLE = Automatic;
				PRODUCT_NAME = "$(TARGET_NAME)";
			};
			name = Release;
		};
/* End XCBuildConfiguration section */

/* Begin XCConfigurationList section */
		7EB13E5F2B4DCAFF00572BBF /* Build configuration list for PBXProject "AiBlackjack" */ = {
			isa = XCConfigurationList;
			buildConfigurations = (
				7EB13E692B4DCB0000572BBF /* Debug */,
				7EB13E6A2B4DCB0000572BBF /* Release */,
			);
			defaultConfigurationIsVisible = 0;
			defaultConfigurationName = Release;
		};
		7EB13E6B2B4DCB0000572BBF /* Build configuration list for PBXNativeTarget "AiBlackjack" */ = {
			isa = XCConfigurationList;
			buildConfigurations = (
				7EB13E6C2B4DCB0000572BBF /* Debug */,
				7EB13E6D2B4DCB0000572BBF /* Release */,
			);
			defaultConfigurationIsVisible = 0;
			defaultConfigurationName = Release;
		};
/* End XCConfigurationList section */
	};
	rootObject = 7EB13E5C2B4DCAFF00572BBF /* Project object */;
}
